// !$*UTF8*$!
{
	archiveVersion = 1;
	classes = {
	};
	objectVersion = 77;
	objects = {

/* Begin PBXBuildFile section */
		2DB38D61DF48EE1A17B38843 /* Foundation.framework in Frameworks */ = {isa = PBXBuildFile; fileRef = A6C476D58990954AF104F51A /* Foundation.framework */; };
		614D317A62708BF7CFA926F2 /* Foundation.framework in Frameworks */ = {isa = PBXBuildFile; fileRef = A6C476D58990954AF104F51A /* Foundation.framework */; };
		A9C0600ED82342CDBF1AAF6E /* MainFlowUITests.swift in Sources */ = {isa = PBXBuildFile; fileRef = AAF62EF83E413A0609FABE6B /* MainFlowUITests.swift */; };
		AA1000000000000000000002 /* Support/LocalizationTestSupport.swift in Sources */ = {isa = PBXBuildFile; fileRef = AA1000000000000000000001 /* Support/LocalizationTestSupport.swift */; };
		AB1000000000000000000002 /* AccountPasswordLoginTests.swift in Sources */ = {isa = PBXBuildFile; fileRef = AB1000000000000000000001 /* AccountPasswordLoginTests.swift */; };
		B27931C15EF1056A3BF7C5E2 /* ScheduleModelTests.swift in Sources */ = {isa = PBXBuildFile; fileRef = 07D82E75ABD730744578E876 /* ScheduleModelTests.swift */; };
		C10000000000000000000001 /* ScoreCore in Frameworks */ = {isa = PBXBuildFile; productRef = A10000000000000000000001 /* ScoreCore */; };
		C10000000000000000000002 /* SessionCore in Frameworks */ = {isa = PBXBuildFile; productRef = A10000000000000000000002 /* SessionCore */; };
		C10000000000000000000003 /* RecordCore in Frameworks */ = {isa = PBXBuildFile; productRef = A10000000000000000000003 /* RecordCore */; };
		C10000000000000000000004 /* PersistenceCore in Frameworks */ = {isa = PBXBuildFile; productRef = A10000000000000000000004 /* PersistenceCore */; };
		C10000000000000000000005 /* LinkCore in Frameworks */ = {isa = PBXBuildFile; productRef = A10000000000000000000005 /* LinkCore */; };
		C10000000000000000000006 /* TimerCore in Frameworks */ = {isa = PBXBuildFile; productRef = A10000000000000000000006 /* TimerCore */; };
		C10000000000000000000007 /* FirebaseCore in Frameworks */ = {isa = PBXBuildFile; productRef = A10000000000000000000007 /* FirebaseCore */; };
		C10000000000000000000008 /* FirebaseAnalyticsCore in Frameworks */ = {isa = PBXBuildFile; productRef = A10000000000000000000008 /* FirebaseAnalyticsCore */; };
		D42000000000000000000002 /* LocalDataResetCoordinatorTests.swift in Sources */ = {isa = PBXBuildFile; fileRef = D42000000000000000000001 /* LocalDataResetCoordinatorTests.swift */; };
		D43000000000000000000002 /* OfflineReleaseBoundaryTests.swift in Sources */ = {isa = PBXBuildFile; fileRef = D43000000000000000000001 /* OfflineReleaseBoundaryTests.swift */; };
		D44000000000000000000002 /* TimerAndToolOfflineTests.swift in Sources */ = {isa = PBXBuildFile; fileRef = D44000000000000000000001 /* TimerAndToolOfflineTests.swift */; };
		D987C048DDD2CFB6D1560D48 /* jifenUITests.swift in Sources */ = {isa = PBXBuildFile; fileRef = BC914C3D9245625EBEA43CF8 /* jifenUITests.swift */; };
		E10000000000000000000002 /* RallySessionStoreTests.swift in Sources */ = {isa = PBXBuildFile; fileRef = E10000000000000000000001 /* RallySessionStoreTests.swift */; };
		E10000000000000000000004 /* BoardTimerConfigTests.swift in Sources */ = {isa = PBXBuildFile; fileRef = E10000000000000000000003 /* BoardTimerConfigTests.swift */; };
		E20000000000000000000002 /* RecordRecapUITests.swift in Sources */ = {isa = PBXBuildFile; fileRef = E20000000000000000000001 /* RecordRecapUITests.swift */; };
		F10000000000000000000002 /* FullAppScreenshotUITests.swift in Sources */ = {isa = PBXBuildFile; fileRef = F10000000000000000000001 /* FullAppScreenshotUITests.swift */; };
		F10000000000000000000004 /* UITestScreenshotStore.swift in Sources */ = {isa = PBXBuildFile; fileRef = F10000000000000000000003 /* UITestScreenshotStore.swift */; };
		F10000000000000000000006 /* SupplementalScreenshotUITests.swift in Sources */ = {isa = PBXBuildFile; fileRef = F10000000000000000000005 /* SupplementalScreenshotUITests.swift */; };
		F20000000000000000000002 /* ScoreboardCatalogTests.swift in Sources */ = {isa = PBXBuildFile; fileRef = F20000000000000000000001 /* ScoreboardCatalogTests.swift */; };
		F30000000000000000000002 /* RandomTeamAssignmentTests.swift in Sources */ = {isa = PBXBuildFile; fileRef = F30000000000000000000001 /* RandomTeamAssignmentTests.swift */; };
		F30000000000000000000004 /* ScoreboardRecordV4Tests.swift in Sources */ = {isa = PBXBuildFile; fileRef = F30000000000000000000003 /* ScoreboardRecordV4Tests.swift */; };
		F40000000000000000000002 /* LocalScoreboardDisplayStateTests.swift in Sources */ = {isa = PBXBuildFile; fileRef = F40000000000000000000001 /* LocalScoreboardDisplayStateTests.swift */; };
		F50000000000000000000002 /* ScoreboardMenuConfirmStateTests.swift in Sources */ = {isa = PBXBuildFile; fileRef = F50000000000000000000001 /* ScoreboardMenuConfirmStateTests.swift */; };
		F60000000000000000000002 /* AppReviewPromptTests.swift in Sources */ = {isa = PBXBuildFile; fileRef = F60000000000000000000001 /* AppReviewPromptTests.swift */; };
		F70000000000000000000002 /* ScreenshotSaveCoordinatorTests.swift in Sources */ = {isa = PBXBuildFile; fileRef = F70000000000000000000001 /* ScreenshotSaveCoordinatorTests.swift */; };
		F80000000000000000000002 /* AppAnalyticsTests.swift in Sources */ = {isa = PBXBuildFile; fileRef = F80000000000000000000001 /* AppAnalyticsTests.swift */; };
		F90000000000000000000002 /* LocalizationIntegrityTests.swift in Sources */ = {isa = PBXBuildFile; fileRef = F90000000000000000000001 /* LocalizationIntegrityTests.swift */; };
		FA0000000000000000000002 /* ScoreboardStyleV2ModelTests.swift in Sources */ = {isa = PBXBuildFile; fileRef = FA0000000000000000000001 /* ScoreboardStyleV2ModelTests.swift */; };
		FA1000000000000000000002 /* RemodelFocusUITests.swift in Sources */ = {isa = PBXBuildFile; fileRef = FA1000000000000000000001 /* RemodelFocusUITests.swift */; };
		FA2000000000000000000002 /* ScoreboardStyleEditorControllerTests.swift in Sources */ = {isa = PBXBuildFile; fileRef = FA2000000000000000000001 /* ScoreboardStyleEditorControllerTests.swift */; };
		FB1000000000000000000002 /* BookingStartPersistenceTests.swift in Sources */ = {isa = PBXBuildFile; fileRef = FB1000000000000000000001 /* BookingStartPersistenceTests.swift */; };
		FB2000000000000000000002 /* Support/UITestLocale.swift in Sources */ = {isa = PBXBuildFile; fileRef = FB2000000000000000000001 /* Support/UITestLocale.swift */; };
		FB3000000000000000000002 /* ZhHantSmokeUITests.swift in Sources */ = {isa = PBXBuildFile; fileRef = FB3000000000000000000001 /* ZhHantSmokeUITests.swift */; };
		FC1000000000000000000002 /* ScoreboardUsageHintTests.swift in Sources */ = {isa = PBXBuildFile; fileRef = FC1000000000000000000001 /* ScoreboardUsageHintTests.swift */; };
		FC7000000000000000000002 /* CardResumeAndWinnerIdentityTests.swift in Sources */ = {isa = PBXBuildFile; fileRef = FC7000000000000000000001 /* CardResumeAndWinnerIdentityTests.swift */; };
		FC8000000000000000000002 /* ShotTrainingTests.swift in Sources */ = {isa = PBXBuildFile; fileRef = FC8000000000000000000001 /* ShotTrainingTests.swift */; };
		FD2000000000000000000002 /* SportsSetupDraftTests.swift in Sources */ = {isa = PBXBuildFile; fileRef = FD2000000000000000000001 /* SportsSetupDraftTests.swift */; };
		FE1000000000000000000002 /* ScoreboardDisplayTests.swift in Sources */ = {isa = PBXBuildFile; fileRef = FE1000000000000000000001 /* ScoreboardDisplayTests.swift */; };
		FF1000000000000000000002 /* ResumeSessionLifecycleTests.swift in Sources */ = {isa = PBXBuildFile; fileRef = FF1000000000000000000001 /* ResumeSessionLifecycleTests.swift */; };
/* End PBXBuildFile section */

/* Begin PBXContainerItemProxy section */
		43607C4E36BA1140CEFAD7CE /* PBXContainerItemProxy */ = {
			isa = PBXContainerItemProxy;
			containerPortal = 0FA5BAC92F18F3EB00182375 /* Project object */;
			proxyType = 1;
			remoteGlobalIDString = 0FA5BAD02F18F3EB00182375;
			remoteInfo = jifen;
		};
		453CA27C47E1B652DDFD34D0 /* PBXContainerItemProxy */ = {
			isa = PBXContainerItemProxy;
			containerPortal = 0FA5BAC92F18F3EB00182375 /* Project object */;
			proxyType = 1;
			remoteGlobalIDString = 0FA5BAD02F18F3EB00182375;
			remoteInfo = jifen;
		};
/* End PBXContainerItemProxy section */

/* Begin PBXFileReference section */
		07D82E75ABD730744578E876 /* ScheduleModelTests.swift */ = {isa = PBXFileReference; includeInIndex = 1; lastKnownFileType = sourcecode.swift; path = ScheduleModelTests.swift; sourceTree = "<group>"; };
		0FA5BAD12F18F3EB00182375 /* jifen.app */ = {isa = PBXFileReference; explicitFileType = wrapper.application; includeInIndex = 0; path = jifen.app; sourceTree = BUILT_PRODUCTS_DIR; };
		0FA5BAF02F18F50000182375 /* Info.plist */ = {isa = PBXFileReference; lastKnownFileType = text.plist.xml; path = Info.plist; sourceTree = "<group>"; };
		6698F86CD13F72512D8A63C9 /* jifenTests.xctest */ = {isa = PBXFileReference; explicitFileType = wrapper.cfbundle; includeInIndex = 0; path = jifenTests.xctest; sourceTree = BUILT_PRODUCTS_DIR; };
		A6C476D58990954AF104F51A /* Foundation.framework */ = {isa = PBXFileReference; lastKnownFileType = wrapper.framework; name = Foundation.framework; path = Platforms/iPhoneOS.platform/Developer/SDKs/iPhoneOS18.0.sdk/System/Library/Frameworks/Foundation.framework; sourceTree = DEVELOPER_DIR; };
		AA1000000000000000000001 /* Support/LocalizationTestSupport.swift */ = {isa = PBXFileReference; includeInIndex = 1; lastKnownFileType = sourcecode.swift; path = Support/LocalizationTestSupport.swift; sourceTree = "<group>"; };
		AAF62EF83E413A0609FABE6B /* MainFlowUITests.swift */ = {isa = PBXFileReference; includeInIndex = 1; lastKnownFileType = sourcecode.swift; path = MainFlowUITests.swift; sourceTree = "<group>"; };
		AB1000000000000000000001 /* AccountPasswordLoginTests.swift */ = {isa = PBXFileReference; includeInIndex = 1; lastKnownFileType = sourcecode.swift; path = AccountPasswordLoginTests.swift; sourceTree = "<group>"; };
		BC914C3D9245625EBEA43CF8 /* jifenUITests.swift */ = {isa = PBXFileReference; includeInIndex = 1; lastKnownFileType = sourcecode.swift; path = jifenUITests.swift; sourceTree = "<group>"; };
		D42000000000000000000001 /* LocalDataResetCoordinatorTests.swift */ = {isa = PBXFileReference; includeInIndex = 1; lastKnownFileType = sourcecode.swift; path = LocalDataResetCoordinatorTests.swift; sourceTree = "<group>"; };
		D43000000000000000000001 /* OfflineReleaseBoundaryTests.swift */ = {isa = PBXFileReference; includeInIndex = 1; lastKnownFileType = sourcecode.swift; path = OfflineReleaseBoundaryTests.swift; sourceTree = "<group>"; };
		D44000000000000000000001 /* TimerAndToolOfflineTests.swift */ = {isa = PBXFileReference; includeInIndex = 1; lastKnownFileType = sourcecode.swift; path = TimerAndToolOfflineTests.swift; sourceTree = "<group>"; };
		D8B51BCB1FC8EEE1F9DFA4A8 /* jifenUITests.xctest */ = {isa = PBXFileReference; explicitFileType = wrapper.cfbundle; includeInIndex = 0; path = jifenUITests.xctest; sourceTree = BUILT_PRODUCTS_DIR; };
		E10000000000000000000001 /* RallySessionStoreTests.swift */ = {isa = PBXFileReference; includeInIndex = 1; lastKnownFileType = sourcecode.swift; path = RallySessionStoreTests.swift; sourceTree = "<group>"; };
		E10000000000000000000003 /* BoardTimerConfigTests.swift */ = {isa = PBXFileReference; includeInIndex = 1; lastKnownFileType = sourcecode.swift; path = BoardTimerConfigTests.swift; sourceTree = "<group>"; };
		E20000000000000000000001 /* RecordRecapUITests.swift */ = {isa = PBXFileReference; includeInIndex = 1; lastKnownFileType = sourcecode.swift; path = RecordRecapUITests.swift; sourceTree = "<group>"; };
		F10000000000000000000001 /* FullAppScreenshotUITests.swift */ = {isa = PBXFileReference; includeInIndex = 1; lastKnownFileType = sourcecode.swift; path = FullAppScreenshotUITests.swift; sourceTree = "<group>"; };
		F10000000000000000000003 /* UITestScreenshotStore.swift */ = {isa = PBXFileReference; includeInIndex = 1; lastKnownFileType = sourcecode.swift; path = UITestScreenshotStore.swift; sourceTree = "<group>"; };
		F10000000000000000000005 /* SupplementalScreenshotUITests.swift */ = {isa = PBXFileReference; includeInIndex = 1; lastKnownFileType = sourcecode.swift; path = SupplementalScreenshotUITests.swift; sourceTree = "<group>"; };
		F20000000000000000000001 /* ScoreboardCatalogTests.swift */ = {isa = PBXFileReference; includeInIndex = 1; lastKnownFileType = sourcecode.swift; path = ScoreboardCatalogTests.swift; sourceTree = "<group>"; };
		F30000000000000000000001 /* RandomTeamAssignmentTests.swift */ = {isa = PBXFileReference; includeInIndex = 1; lastKnownFileType = sourcecode.swift; path = RandomTeamAssignmentTests.swift; sourceTree = "<group>"; };
		F30000000000000000000003 /* ScoreboardRecordV4Tests.swift */ = {isa = PBXFileReference; includeInIndex = 1; lastKnownFileType = sourcecode.swift; path = ScoreboardRecordV4Tests.swift; sourceTree = "<group>"; };
		F40000000000000000000001 /* LocalScoreboardDisplayStateTests.swift */ = {isa = PBXFileReference; includeInIndex = 1; lastKnownFileType = sourcecode.swift; path = LocalScoreboardDisplayStateTests.swift; sourceTree = "<group>"; };
		F50000000000000000000001 /* ScoreboardMenuConfirmStateTests.swift */ = {isa = PBXFileReference; includeInIndex = 1; lastKnownFileType = sourcecode.swift; path = ScoreboardMenuConfirmStateTests.swift; sourceTree = "<group>"; };
		F60000000000000000000001 /* AppReviewPromptTests.swift */ = {isa = PBXFileReference; includeInIndex = 1; lastKnownFileType = sourcecode.swift; path = AppReviewPromptTests.swift; sourceTree = "<group>"; };
		F70000000000000000000001 /* ScreenshotSaveCoordinatorTests.swift */ = {isa = PBXFileReference; includeInIndex = 1; lastKnownFileType = sourcecode.swift; path = ScreenshotSaveCoordinatorTests.swift; sourceTree = "<group>"; };
		F80000000000000000000001 /* AppAnalyticsTests.swift */ = {isa = PBXFileReference; includeInIndex = 1; lastKnownFileType = sourcecode.swift; path = AppAnalyticsTests.swift; sourceTree = "<group>"; };
		F90000000000000000000001 /* LocalizationIntegrityTests.swift */ = {isa = PBXFileReference; includeInIndex = 1; lastKnownFileType = sourcecode.swift; path = LocalizationIntegrityTests.swift; sourceTree = "<group>"; };
		FA0000000000000000000001 /* ScoreboardStyleV2ModelTests.swift */ = {isa = PBXFileReference; includeInIndex = 1; lastKnownFileType = sourcecode.swift; path = ScoreboardStyleV2ModelTests.swift; sourceTree = "<group>"; };
		FA1000000000000000000001 /* RemodelFocusUITests.swift */ = {isa = PBXFileReference; includeInIndex = 1; lastKnownFileType = sourcecode.swift; path = RemodelFocusUITests.swift; sourceTree = "<group>"; };
		FA2000000000000000000001 /* ScoreboardStyleEditorControllerTests.swift */ = {isa = PBXFileReference; includeInIndex = 1; lastKnownFileType = sourcecode.swift; path = ScoreboardStyleEditorControllerTests.swift; sourceTree = "<group>"; };
		FB1000000000000000000001 /* BookingStartPersistenceTests.swift */ = {isa = PBXFileReference; includeInIndex = 1; lastKnownFileType = sourcecode.swift; path = BookingStartPersistenceTests.swift; sourceTree = "<group>"; };
		FB2000000000000000000001 /* Support/UITestLocale.swift */ = {isa = PBXFileReference; includeInIndex = 1; lastKnownFileType = sourcecode.swift; path = Support/UITestLocale.swift; sourceTree = "<group>"; };
		FB3000000000000000000001 /* ZhHantSmokeUITests.swift */ = {isa = PBXFileReference; includeInIndex = 1; lastKnownFileType = sourcecode.swift; path = ZhHantSmokeUITests.swift; sourceTree = "<group>"; };
		FC1000000000000000000001 /* ScoreboardUsageHintTests.swift */ = {isa = PBXFileReference; includeInIndex = 1; lastKnownFileType = sourcecode.swift; path = ScoreboardUsageHintTests.swift; sourceTree = "<group>"; };
		FC7000000000000000000001 /* CardResumeAndWinnerIdentityTests.swift */ = {isa = PBXFileReference; includeInIndex = 1; lastKnownFileType = sourcecode.swift; path = CardResumeAndWinnerIdentityTests.swift; sourceTree = "<group>"; };
		FC8000000000000000000001 /* ShotTrainingTests.swift */ = {isa = PBXFileReference; includeInIndex = 1; lastKnownFileType = sourcecode.swift; path = ShotTrainingTests.swift; sourceTree = "<group>"; };
		FD2000000000000000000001 /* SportsSetupDraftTests.swift */ = {isa = PBXFileReference; includeInIndex = 1; lastKnownFileType = sourcecode.swift; path = SportsSetupDraftTests.swift; sourceTree = "<group>"; };
		FE1000000000000000000001 /* ScoreboardDisplayTests.swift */ = {isa = PBXFileReference; includeInIndex = 1; lastKnownFileType = sourcecode.swift; path = ScoreboardDisplayTests.swift; sourceTree = "<group>"; };
		FF1000000000000000000001 /* ResumeSessionLifecycleTests.swift */ = {isa = PBXFileReference; includeInIndex = 1; lastKnownFileType = sourcecode.swift; path = ResumeSessionLifecycleTests.swift; sourceTree = "<group>"; };
/* End PBXFileReference section */

/* Begin PBXFileSystemSynchronizedRootGroup section */
		0FA5BAD32F18F3EB00182375 /* jifen */ = {
			isa = PBXFileSystemSynchronizedRootGroup;
			path = jifen;
			sourceTree = "<group>";
		};
/* End PBXFileSystemSynchronizedRootGroup section */

/* Begin PBXFrameworksBuildPhase section */
		0FA5BACE2F18F3EB00182375 /* Frameworks */ = {
			isa = PBXFrameworksBuildPhase;
			buildActionMask = 2147483647;
			files = (
				C10000000000000000000001 /* ScoreCore in Frameworks */,
				C10000000000000000000002 /* SessionCore in Frameworks */,
				C10000000000000000000003 /* RecordCore in Frameworks */,
				C10000000000000000000004 /* PersistenceCore in Frameworks */,
				C10000000000000000000005 /* LinkCore in Frameworks */,
				C10000000000000000000006 /* TimerCore in Frameworks */,
				C10000000000000000000007 /* FirebaseCore in Frameworks */,
				C10000000000000000000008 /* FirebaseAnalyticsCore in Frameworks */,
			);
			runOnlyForDeploymentPostprocessing = 0;
		};
		3F21E360EFF91A6D01ECFB3F /* Frameworks */ = {
			isa = PBXFrameworksBuildPhase;
			buildActionMask = 2147483647;
			files = (
				614D317A62708BF7CFA926F2 /* Foundation.framework in Frameworks */,
			);
			runOnlyForDeploymentPostprocessing = 0;
		};
		F4B8F725AF338AEB477A3C5F /* Frameworks */ = {
			isa = PBXFrameworksBuildPhase;
			buildActionMask = 2147483647;
			files = (
				2DB38D61DF48EE1A17B38843 /* Foundation.framework in Frameworks */,
			);
			runOnlyForDeploymentPostprocessing = 0;
		};
/* End PBXFrameworksBuildPhase section */

/* Begin PBXGroup section */
		0FA5BAC82F18F3EB00182375 = {
			isa = PBXGroup;
			children = (
				0FA5BAF02F18F50000182375 /* Info.plist */,
				0FA5BAD32F18F3EB00182375 /* jifen */,
				0FA5BAD22F18F3EB00182375 /* Products */,
				8C76EE3CB0FD1BF87723242C /* Frameworks */,
				4BEAA1146F45CAF74810C41D /* jifenTests */,
				CB5A5C00CFDC9B30D0B4EDFC /* jifenUITests */,
			);
			sourceTree = "<group>";
		};
		0FA5BAD22F18F3EB00182375 /* Products */ = {
			isa = PBXGroup;
			children = (
				0FA5BAD12F18F3EB00182375 /* jifen.app */,
				6698F86CD13F72512D8A63C9 /* jifenTests.xctest */,
				D8B51BCB1FC8EEE1F9DFA4A8 /* jifenUITests.xctest */,
			);
			name = Products;
			sourceTree = "<group>";
		};
		4BEAA1146F45CAF74810C41D /* jifenTests */ = {
			isa = PBXGroup;
			children = (
				AB1000000000000000000001 /* AccountPasswordLoginTests.swift */,
				D42000000000000000000001 /* LocalDataResetCoordinatorTests.swift */,
				D43000000000000000000001 /* OfflineReleaseBoundaryTests.swift */,
				D44000000000000000000001 /* TimerAndToolOfflineTests.swift */,
				07D82E75ABD730744578E876 /* ScheduleModelTests.swift */,
				E10000000000000000000001 /* RallySessionStoreTests.swift */,
				E10000000000000000000003 /* BoardTimerConfigTests.swift */,
				F20000000000000000000001 /* ScoreboardCatalogTests.swift */,
				F30000000000000000000001 /* RandomTeamAssignmentTests.swift */,
				F30000000000000000000003 /* ScoreboardRecordV4Tests.swift */,
				FA0000000000000000000001 /* ScoreboardStyleV2ModelTests.swift */,
				FA2000000000000000000001 /* ScoreboardStyleEditorControllerTests.swift */,
				FB1000000000000000000001 /* BookingStartPersistenceTests.swift */,
				F40000000000000000000001 /* LocalScoreboardDisplayStateTests.swift */,
				F50000000000000000000001 /* ScoreboardMenuConfirmStateTests.swift */,
				F60000000000000000000001 /* AppReviewPromptTests.swift */,
				F70000000000000000000001 /* ScreenshotSaveCoordinatorTests.swift */,
				F80000000000000000000001 /* AppAnalyticsTests.swift */,
				F90000000000000000000001 /* LocalizationIntegrityTests.swift */,
				AA1000000000000000000001 /* Support/LocalizationTestSupport.swift */,
				FC1000000000000000000001 /* ScoreboardUsageHintTests.swift */,
				FC7000000000000000000001 /* CardResumeAndWinnerIdentityTests.swift */,
				FC8000000000000000000001 /* ShotTrainingTests.swift */,
				FD2000000000000000000001 /* SportsSetupDraftTests.swift */,
				FE1000000000000000000001 /* ScoreboardDisplayTests.swift */,
				FF1000000000000000000001 /* ResumeSessionLifecycleTests.swift */,
			);
			path = jifenTests;
			sourceTree = "<group>";
		};
		8C76EE3CB0FD1BF87723242C /* Frameworks */ = {
			isa = PBXGroup;
			children = (
				D6B4E5DF943069BCF2718471 /* iOS */,
			);
			name = Frameworks;
			sourceTree = "<group>";
		};
		CB5A5C00CFDC9B30D0B4EDFC /* jifenUITests */ = {
			isa = PBXGroup;
			children = (
				BC914C3D9245625EBEA43CF8 /* jifenUITests.swift */,
				E20000000000000000000001 /* RecordRecapUITests.swift */,
				AAF62EF83E413A0609FABE6B /* MainFlowUITests.swift */,
				FA1000000000000000000001 /* RemodelFocusUITests.swift */,
				F10000000000000000000001 /* FullAppScreenshotUITests.swift */,
				F10000000000000000000003 /* UITestScreenshotStore.swift */,
				FB2000000000000000000001 /* Support/UITestLocale.swift */,
				FB3000000000000000000001 /* ZhHantSmokeUITests.swift */,
				F10000000000000000000005 /* SupplementalScreenshotUITests.swift */,
			);
			path = jifenUITests;
			sourceTree = "<group>";
		};
		D6B4E5DF943069BCF2718471 /* iOS */ = {
			isa = PBXGroup;
			children = (
				A6C476D58990954AF104F51A /* Foundation.framework */,
			);
			name = iOS;
			sourceTree = "<group>";
		};
/* End PBXGroup section */

/* Begin PBXNativeTarget section */
		0FA5BAD02F18F3EB00182375 /* jifen */ = {
			isa = PBXNativeTarget;
			buildConfigurationList = 0FA5BADC2F18F3EC00182375 /* Build configuration list for PBXNativeTarget "jifen" */;
			buildPhases = (
				0FA5BACD2F18F3EB00182375 /* Sources */,
				0FA5BACE2F18F3EB00182375 /* Frameworks */,
				0FA5BACF2F18F3EB00182375 /* Resources */,
			);
			buildRules = (
			);
			dependencies = (
			);
			fileSystemSynchronizedGroups = (
				0FA5BAD32F18F3EB00182375 /* jifen */,
			);
			name = jifen;
			packageProductDependencies = (
				A10000000000000000000001 /* ScoreCore */,
				A10000000000000000000002 /* SessionCore */,
				A10000000000000000000003 /* RecordCore */,
				A10000000000000000000004 /* PersistenceCore */,
				A10000000000000000000005 /* LinkCore */,
				A10000000000000000000006 /* TimerCore */,
				A10000000000000000000007 /* FirebaseCore */,
				A10000000000000000000008 /* FirebaseAnalyticsCore */,
			);
			productName = jifen;
			productReference = 0FA5BAD12F18F3EB00182375 /* jifen.app */;
			productType = "com.apple.product-type.application";
		};
		2359CCD2086CD5E81A2F31FA /* jifenUITests */ = {
			isa = PBXNativeTarget;
			buildConfigurationList = 4BF094371EAAEB82F3DED2C8 /* Build configuration list for PBXNativeTarget "jifenUITests" */;
			buildPhases = (
				0D6BA37162DD8C618F99613C /* Sources */,
				3F21E360EFF91A6D01ECFB3F /* Frameworks */,
				3FDDF3624AD11899A2A47413 /* Resources */,
			);
			buildRules = (
			);
			dependencies = (
				3E6F8E121C790B3BE956EA17 /* PBXTargetDependency */,
			);
			name = jifenUITests;
			productName = jifenUITests;
			productReference = D8B51BCB1FC8EEE1F9DFA4A8 /* jifenUITests.xctest */;
			productType = "com.apple.product-type.bundle.ui-testing";
		};
		BAD76ABED0DB2CDE0A4515E2 /* jifenTests */ = {
			isa = PBXNativeTarget;
			buildConfigurationList = F739E0571A4E22205415C37B /* Build configuration list for PBXNativeTarget "jifenTests" */;
			buildPhases = (
				BEB3E77A0BD305D2C5C1DF02 /* Sources */,
				F4B8F725AF338AEB477A3C5F /* Frameworks */,
				D081E4FFA434AD3CBEFBDE4B /* Resources */,
			);
			buildRules = (
			);
			dependencies = (
				2818B9F1E71B27CB0CFA528A /* PBXTargetDependency */,
			);
			name = jifenTests;
			productName = jifenTests;
			productReference = 6698F86CD13F72512D8A63C9 /* jifenTests.xctest */;
			productType = "com.apple.product-type.bundle.unit-test";
		};
/* End PBXNativeTarget section */

/* Begin PBXProject section */
		0FA5BAC92F18F3EB00182375 /* Project object */ = {
			isa = PBXProject;
			attributes = {
				BuildIndependentTargetsInParallel = 1;
				LastSwiftUpdateCheck = 2620;
				LastUpgradeCheck = 2700;
				TargetAttributes = {
					0FA5BAD02F18F3EB00182375 = {
						CreatedOnToolsVersion = 26.2;
					};
					2359CCD2086CD5E81A2F31FA = {
						CreatedOnToolsVersion = 26.2;
						TestTargetID = 0FA5BAD02F18F3EB00182375;
					};
					BAD76ABED0DB2CDE0A4515E2 = {
						CreatedOnToolsVersion = 26.2;
						TestTargetID = 0FA5BAD02F18F3EB00182375;
					};
				};
			};
			buildConfigurationList = 0FA5BACC2F18F3EB00182375 /* Build configuration list for PBXProject "jifen" */;
			developmentRegion = en;
			hasScannedForEncodings = 0;
			knownRegions = (
				en,
				"zh-Hans",
				Base,
				"zh-Hant",
			);
			mainGroup = 0FA5BAC82F18F3EB00182375;
			minimizedProjectReferenceProxies = 1;
			packageReferences = (
				D10000000000000000000001 /* XCLocalSwiftPackageReference "Packages/JifenCore" */,
				D50000000000000000000001 /* XCRemoteSwiftPackageReference "firebase-ios-sdk" */,
			);
			preferredProjectObjectVersion = 77;
			productRefGroup = 0FA5BAD22F18F3EB00182375 /* Products */;
			projectDirPath = "";
			projectRoot = "";
			targets = (
				0FA5BAD02F18F3EB00182375 /* jifen */,
				BAD76ABED0DB2CDE0A4515E2 /* jifenTests */,
				2359CCD2086CD5E81A2F31FA /* jifenUITests */,
			);
		};
/* End PBXProject section */

/* Begin PBXResourcesBuildPhase section */
		0FA5BACF2F18F3EB00182375 /* Resources */ = {
			isa = PBXResourcesBuildPhase;
			buildActionMask = 2147483647;
			files = (
			);
			runOnlyForDeploymentPostprocessing = 0;
		};
		3FDDF3624AD11899A2A47413 /* Resources */ = {
			isa = PBXResourcesBuildPhase;
			buildActionMask = 2147483647;
			files = (
			);
			runOnlyForDeploymentPostprocessing = 0;
		};
		D081E4FFA434AD3CBEFBDE4B /* Resources */ = {
			isa = PBXResourcesBuildPhase;
			buildActionMask = 2147483647;
			files = (
			);
			runOnlyForDeploymentPostprocessing = 0;
		};
/* End PBXResourcesBuildPhase section */

/* Begin PBXSourcesBuildPhase section */
		0D6BA37162DD8C618F99613C /* Sources */ = {
			isa = PBXSourcesBuildPhase;
			buildActionMask = 2147483647;
			files = (
				D987C048DDD2CFB6D1560D48 /* jifenUITests.swift in Sources */,
				E20000000000000000000002 /* RecordRecapUITests.swift in Sources */,
				A9C0600ED82342CDBF1AAF6E /* MainFlowUITests.swift in Sources */,
				FA1000000000000000000002 /* RemodelFocusUITests.swift in Sources */,
				F10000000000000000000002 /* FullAppScreenshotUITests.swift in Sources */,
				F10000000000000000000004 /* UITestScreenshotStore.swift in Sources */,
				FB2000000000000000000002 /* Support/UITestLocale.swift in Sources */,
				FB3000000000000000000002 /* ZhHantSmokeUITests.swift in Sources */,
				F10000000000000000000006 /* SupplementalScreenshotUITests.swift in Sources */,
			);
			runOnlyForDeploymentPostprocessing = 0;
		};
		0FA5BACD2F18F3EB00182375 /* Sources */ = {
			isa = PBXSourcesBuildPhase;
			buildActionMask = 2147483647;
			files = (
			);
			runOnlyForDeploymentPostprocessing = 0;
		};
		BEB3E77A0BD305D2C5C1DF02 /* Sources */ = {
			isa = PBXSourcesBuildPhase;
			buildActionMask = 2147483647;
			files = (
				AB1000000000000000000002 /* AccountPasswordLoginTests.swift in Sources */,
				D42000000000000000000002 /* LocalDataResetCoordinatorTests.swift in Sources */,
				D43000000000000000000002 /* OfflineReleaseBoundaryTests.swift in Sources */,
				D44000000000000000000002 /* TimerAndToolOfflineTests.swift in Sources */,
				B27931C15EF1056A3BF7C5E2 /* ScheduleModelTests.swift in Sources */,
				E10000000000000000000002 /* RallySessionStoreTests.swift in Sources */,
				E10000000000000000000004 /* BoardTimerConfigTests.swift in Sources */,
				F20000000000000000000002 /* ScoreboardCatalogTests.swift in Sources */,
				F30000000000000000000002 /* RandomTeamAssignmentTests.swift in Sources */,
				F30000000000000000000004 /* ScoreboardRecordV4Tests.swift in Sources */,
				FA0000000000000000000002 /* ScoreboardStyleV2ModelTests.swift in Sources */,
				FA2000000000000000000002 /* ScoreboardStyleEditorControllerTests.swift in Sources */,
				FB1000000000000000000002 /* BookingStartPersistenceTests.swift in Sources */,
				F40000000000000000000002 /* LocalScoreboardDisplayStateTests.swift in Sources */,
				F50000000000000000000002 /* ScoreboardMenuConfirmStateTests.swift in Sources */,
				F60000000000000000000002 /* AppReviewPromptTests.swift in Sources */,
				F70000000000000000000002 /* ScreenshotSaveCoordinatorTests.swift in Sources */,
				F80000000000000000000002 /* AppAnalyticsTests.swift in Sources */,
				F90000000000000000000002 /* LocalizationIntegrityTests.swift in Sources */,
				AA1000000000000000000002 /* Support/LocalizationTestSupport.swift in Sources */,
				FC1000000000000000000002 /* ScoreboardUsageHintTests.swift in Sources */,
				FC7000000000000000000002 /* CardResumeAndWinnerIdentityTests.swift in Sources */,
				FC8000000000000000000002 /* ShotTrainingTests.swift in Sources */,
				FD2000000000000000000002 /* SportsSetupDraftTests.swift in Sources */,
				FE1000000000000000000002 /* ScoreboardDisplayTests.swift in Sources */,
				FF1000000000000000000002 /* ResumeSessionLifecycleTests.swift in Sources */,
			);
			runOnlyForDeploymentPostprocessing = 0;
		};
/* End PBXSourcesBuildPhase section */

/* Begin PBXTargetDependency section */
		2818B9F1E71B27CB0CFA528A /* PBXTargetDependency */ = {
			isa = PBXTargetDependency;
			name = jifen;
			target = 0FA5BAD02F18F3EB00182375 /* jifen */;
			targetProxy = 453CA27C47E1B652DDFD34D0 /* PBXContainerItemProxy */;
		};
		3E6F8E121C790B3BE956EA17 /* PBXTargetDependency */ = {
			isa = PBXTargetDependency;
			name = jifen;
			target = 0FA5BAD02F18F3EB00182375 /* jifen */;
			targetProxy = 43607C4E36BA1140CEFAD7CE /* PBXContainerItemProxy */;
		};
/* End PBXTargetDependency section */

/* Begin XCBuildConfiguration section */
		060D44424D5D2C882224703D /* Release */ = {
			isa = XCBuildConfiguration;
			buildSettings = {
				CLANG_ENABLE_OBJC_WEAK = NO;
				CODE_SIGNING_ALLOWED = NO;
				CODE_SIGN_STYLE = Automatic;
				DEVELOPMENT_TEAM = X9VDZZL3C3;
				GENERATE_INFOPLIST_FILE = YES;
				IPHONEOS_DEPLOYMENT_TARGET = 26.0;
				LD_RUNPATH_SEARCH_PATHS = (
					"$(inherited)",
					"@executable_path/Frameworks",
					"@loader_path/Frameworks",
				);
				PRODUCT_BUNDLE_IDENTIFIER = com.douhua.jifenUITests;
				PRODUCT_NAME = "$(TARGET_NAME)";
				SDKROOT = iphoneos;
				SWIFT_VERSION = 5.0;
				TARGETED_DEVICE_FAMILY = "1,2";
				TEST_TARGET_NAME = jifen;
				VALIDATE_PRODUCT = YES;
			};
			name = Release;
		};
		0FA5BADA2F18F3EC00182375 /* Debug */ = {
			isa = XCBuildConfiguration;
			buildSettings = {
				ALWAYS_SEARCH_USER_PATHS = NO;
				ASSETCATALOG_COMPILER_GENERATE_SWIFT_ASSET_SYMBOL_EXTENSIONS = YES;
				CLANG_ANALYZER_LOCALIZABILITY_NONLOCALIZED = YES;
				CLANG_ANALYZER_NONNULL = YES;
				CLANG_ANALYZER_NUMBER_OBJECT_CONVERSION = YES_AGGRESSIVE;
				CLANG_CXX_LANGUAGE_STANDARD = "gnu++20";
				CLANG_ENABLE_MODULES = YES;
				CLANG_ENABLE_OBJC_ARC = YES;
				CLANG_ENABLE_OBJC_WEAK = YES;
				CLANG_WARN_BLOCK_CAPTURE_AUTORELEASING = YES;
				CLANG_WARN_BOOL_CONVERSION = YES;
				CLANG_WARN_COMMA = YES;
				CLANG_WARN_CONSTANT_CONVERSION = YES;
				CLANG_WARN_DEPRECATED_OBJC_IMPLEMENTATIONS = YES;
				CLANG_WARN_DIRECT_OBJC_ISA_USAGE = YES_ERROR;
				CLANG_WARN_DOCUMENTATION_COMMENTS = YES;
				CLANG_WARN_EMPTY_BODY = YES;
				CLANG_WARN_ENUM_CONVERSION = YES;
				CLANG_WARN_INFINITE_RECURSION = YES;
				CLANG_WARN_INT_CONVERSION = YES;
				CLANG_WARN_NON_LITERAL_NULL_CONVERSION = YES;
				CLANG_WARN_OBJC_IMPLICIT_RETAIN_SELF = YES;
				CLANG_WARN_OBJC_LITERAL_CONVERSION = YES;
				CLANG_WARN_OBJC_ROOT_CLASS = YES_ERROR;
				CLANG_WARN_QUOTED_INCLUDE_IN_FRAMEWORK_HEADER = YES;
				CLANG_WARN_RANGE_LOOP_ANALYSIS = YES;
				CLANG_WARN_STRICT_PROTOTYPES = YES;
				CLANG_WARN_SUSPICIOUS_MOVE = YES;
				CLANG_WARN_UNGUARDED_AVAILABILITY = YES_AGGRESSIVE;
				CLANG_WARN_UNREACHABLE_CODE = YES;
				CLANG_WARN__DUPLICATE_METHOD_MATCH = YES;
				COPY_PHASE_STRIP = NO;
				DEAD_CODE_STRIPPING = YES;
				DEBUG_INFORMATION_FORMAT = dwarf;
				DEVELOPMENT_TEAM = X9VDZZL3C3;
				ENABLE_STRICT_OBJC_MSGSEND = YES;
				ENABLE_TESTABILITY = YES;
				ENABLE_USER_SCRIPT_SANDBOXING = YES;
				GCC_C_LANGUAGE_STANDARD = gnu17;
				GCC_DYNAMIC_NO_PIC = NO;
				GCC_NO_COMMON_BLOCKS = YES;
				GCC_OPTIMIZATION_LEVEL = 0;
				GCC_PREPROCESSOR_DEFINITIONS = (
					"DEBUG=1",
					"$(inherited)",
				);
				GCC_WARN_64_TO_32_BIT_CONVERSION = YES;
				GCC_WARN_ABOUT_RETURN_TYPE = YES_ERROR;
				GCC_WARN_UNDECLARED_SELECTOR = YES;
				GCC_WARN_UNINITIALIZED_AUTOS = YES_AGGRESSIVE;
				GCC_WARN_UNUSED_FUNCTION = YES;
				GCC_WARN_UNUSED_VARIABLE = YES;
				LOCALIZATION_PREFERS_STRING_CATALOGS = YES;
				MTL_ENABLE_DEBUG_INFO = INCLUDE_SOURCE;
				MTL_FAST_MATH = YES;
				ONLY_ACTIVE_ARCH = YES;
				STRING_CATALOG_GENERATE_SYMBOLS = YES;
				SWIFT_ACTIVE_COMPILATION_CONDITIONS = "DEBUG $(inherited)";
				SWIFT_EMIT_LOC_STRINGS = YES;
				SWIFT_OPTIMIZATION_LEVEL = "-Onone";
			};
			name = Debug;
		};
		0FA5BADB2F18F3EC00182375 /* Release */ = {
			isa = XCBuildConfiguration;
			buildSettings = {
				ALWAYS_SEARCH_USER_PATHS = NO;
				ASSETCATALOG_COMPILER_GENERATE_SWIFT_ASSET_SYMBOL_EXTENSIONS = YES;
				CLANG_ANALYZER_LOCALIZABILITY_NONLOCALIZED = YES;
				CLANG_ANALYZER_NONNULL = YES;
				CLANG_ANALYZER_NUMBER_OBJECT_CONVERSION = YES_AGGRESSIVE;
				CLANG_CXX_LANGUAGE_STANDARD = "gnu++20";
				CLANG_ENABLE_MODULES = YES;
				CLANG_ENABLE_OBJC_ARC = YES;
				CLANG_ENABLE_OBJC_WEAK = YES;
				CLANG_WARN_BLOCK_CAPTURE_AUTORELEASING = YES;
				CLANG_WARN_BOOL_CONVERSION = YES;
				CLANG_WARN_COMMA = YES;
				CLANG_WARN_CONSTANT_CONVERSION = YES;
				CLANG_WARN_DEPRECATED_OBJC_IMPLEMENTATIONS = YES;
				CLANG_WARN_DIRECT_OBJC_ISA_USAGE = YES_ERROR;
				CLANG_WARN_DOCUMENTATION_COMMENTS = YES;
				CLANG_WARN_EMPTY_BODY = YES;
				CLANG_WARN_ENUM_CONVERSION = YES;
				CLANG_WARN_INFINITE_RECURSION = YES;
				CLANG_WARN_INT_CONVERSION = YES;
				CLANG_WARN_NON_LITERAL_NULL_CONVERSION = YES;
				CLANG_WARN_OBJC_IMPLICIT_RETAIN_SELF = YES;
				CLANG_WARN_OBJC_LITERAL_CONVERSION = YES;
				CLANG_WARN_OBJC_ROOT_CLASS = YES_ERROR;
				CLANG_WARN_QUOTED_INCLUDE_IN_FRAMEWORK_HEADER = YES;
				CLANG_WARN_RANGE_LOOP_ANALYSIS = YES;
				CLANG_WARN_STRICT_PROTOTYPES = YES;
				CLANG_WARN_SUSPICIOUS_MOVE = YES;
				CLANG_WARN_UNGUARDED_AVAILABILITY = YES_AGGRESSIVE;
				CLANG_WARN_UNREACHABLE_CODE = YES;
				CLANG_WARN__DUPLICATE_METHOD_MATCH = YES;
				COPY_PHASE_STRIP = NO;
				DEAD_CODE_STRIPPING = YES;
				DEBUG_INFORMATION_FORMAT = "dwarf-with-dsym";
				DEVELOPMENT_TEAM = X9VDZZL3C3;
				ENABLE_NS_ASSERTIONS = NO;
				ENABLE_STRICT_OBJC_MSGSEND = YES;
				ENABLE_USER_SCRIPT_SANDBOXING = YES;
				GCC_C_LANGUAGE_STANDARD = gnu17;
				GCC_NO_COMMON_BLOCKS = YES;
				GCC_WARN_64_TO_32_BIT_CONVERSION = YES;
				GCC_WARN_ABOUT_RETURN_TYPE = YES_ERROR;
				GCC_WARN_UNDECLARED_SELECTOR = YES;
				GCC_WARN_UNINITIALIZED_AUTOS = YES_AGGRESSIVE;
				GCC_WARN_UNUSED_FUNCTION = YES;
				GCC_WARN_UNUSED_VARIABLE = YES;
				LOCALIZATION_PREFERS_STRING_CATALOGS = YES;
				MTL_ENABLE_DEBUG_INFO = NO;
				MTL_FAST_MATH = YES;
				STRING_CATALOG_GENERATE_SYMBOLS = YES;
				SWIFT_COMPILATION_MODE = wholemodule;
				SWIFT_EMIT_LOC_STRINGS = YES;
			};
			name = Release;
		};
		0FA5BADD2F18F3EC00182375 /* Debug */ = {
			isa = XCBuildConfiguration;
			buildSettings = {
				ASSETCATALOG_COMPILER_APPICON_NAME = AppIcon;
				ASSETCATALOG_COMPILER_GLOBAL_ACCENT_COLOR_NAME = AccentColor;
				CODE_SIGN_ENTITLEMENTS = jifen/Config/JifenAppStore.entitlements;
				CODE_SIGN_STYLE = Automatic;
				CURRENT_PROJECT_VERSION = 50;
				DEAD_CODE_STRIPPING = YES;
				DEVELOPMENT_TEAM = X9VDZZL3C3;
				ENABLE_APP_SANDBOX = YES;
				ENABLE_HARDENED_RUNTIME = YES;
				ENABLE_PREVIEWS = YES;
				ENABLE_USER_SELECTED_FILES = readonly;
				GENERATE_INFOPLIST_FILE = YES;
				INFOPLIST_FILE = Info.plist;
				INFOPLIST_KEY_CFBundleDisplayName = iScoreboard;
				INFOPLIST_KEY_ITSAppUsesNonExemptEncryption = NO;
				INFOPLIST_KEY_LSApplicationCategoryType = "public.app-category.sports";
				INFOPLIST_KEY_NSCameraUsageDescription = "Used to scan trusted sign-in QR codes.";
				INFOPLIST_KEY_NSMicrophoneUsageDescription = "Used to record voice notes.";
				INFOPLIST_KEY_NSPhotoLibraryAddUsageDescription = "Used to save scoreboard screenshots to your photo library.";
				"INFOPLIST_KEY_UIApplicationSceneManifest_Generation[sdk=iphoneos*]" = NO;
				"INFOPLIST_KEY_UIApplicationSceneManifest_Generation[sdk=iphonesimulator*]" = NO;
				"INFOPLIST_KEY_UIApplicationSupportsIndirectInputEvents[sdk=iphoneos*]" = YES;
				"INFOPLIST_KEY_UIApplicationSupportsIndirectInputEvents[sdk=iphonesimulator*]" = YES;
				"INFOPLIST_KEY_UIStatusBarStyle[sdk=iphoneos*]" = UIStatusBarStyleDefault;
				"INFOPLIST_KEY_UIStatusBarStyle[sdk=iphonesimulator*]" = UIStatusBarStyleDefault;
				INFOPLIST_KEY_UISupportedInterfaceOrientations_iPad = "UIInterfaceOrientationPortrait UIInterfaceOrientationPortraitUpsideDown UIInterfaceOrientationLandscapeLeft UIInterfaceOrientationLandscapeRight";
				INFOPLIST_KEY_UISupportedInterfaceOrientations_iPhone = "UIInterfaceOrientationPortrait UIInterfaceOrientationLandscapeLeft UIInterfaceOrientationLandscapeRight";
				IPHONEOS_DEPLOYMENT_TARGET = 26.0;
				LD_RUNPATH_SEARCH_PATHS = "@executable_path/Frameworks";
				"LD_RUNPATH_SEARCH_PATHS[sdk=macosx*]" = "@executable_path/../Frameworks";
				MACOSX_DEPLOYMENT_TARGET = 15.7;
				MARKETING_VERSION = 3.2.1;
				OTHER_LDFLAGS = (
					"$(inherited)",
					"-ObjC",
				);
				PRODUCT_BUNDLE_IDENTIFIER = com.douhua.jifen.ios;
				PRODUCT_NAME = "$(TARGET_NAME)";
				REGISTER_APP_GROUPS = YES;
				SDKROOT = auto;
				STRING_CATALOG_GENERATE_SYMBOLS = YES;
				SUPPORTED_PLATFORMS = "iphoneos iphonesimulator";
				SUPPORTS_MACCATALYST = NO;
				SUPPORTS_MAC_DESIGNED_FOR_IPHONE_IPAD = YES;
				SWIFT_APPROACHABLE_CONCURRENCY = YES;
				SWIFT_DEFAULT_ACTOR_ISOLATION = MainActor;
				SWIFT_EMIT_LOC_STRINGS = YES;
				SWIFT_UPCOMING_FEATURE_MEMBER_IMPORT_VISIBILITY = YES;
				SWIFT_VERSION = 5.0;
				TARGETED_DEVICE_FAMILY = "1,2,7";
				XROS_DEPLOYMENT_TARGET = 26.2;
			};
			name = Debug;
		};
		0FA5BADE2F18F3EC00182375 /* Release */ = {
			isa = XCBuildConfiguration;
			buildSettings = {
				ASSETCATALOG_COMPILER_APPICON_NAME = AppIcon;
				ASSETCATALOG_COMPILER_GLOBAL_ACCENT_COLOR_NAME = AccentColor;
				CODE_SIGN_ENTITLEMENTS = jifen/Config/JifenAppStore.entitlements;
				CODE_SIGN_STYLE = Automatic;
				CURRENT_PROJECT_VERSION = 50;
				DEAD_CODE_STRIPPING = YES;
				DEVELOPMENT_TEAM = X9VDZZL3C3;
				ENABLE_APP_SANDBOX = YES;
				ENABLE_HARDENED_RUNTIME = YES;
				ENABLE_PREVIEWS = YES;
				ENABLE_USER_SELECTED_FILES = readonly;
				GENERATE_INFOPLIST_FILE = YES;
				INFOPLIST_FILE = Info.plist;
				INFOPLIST_KEY_CFBundleDisplayName = iScoreboard;
				INFOPLIST_KEY_ITSAppUsesNonExemptEncryption = NO;
				INFOPLIST_KEY_LSApplicationCategoryType = "public.app-category.sports";
				INFOPLIST_KEY_NSCameraUsageDescription = "Used to scan trusted sign-in QR codes.";
				INFOPLIST_KEY_NSMicrophoneUsageDescription = "Used to record voice notes.";
				INFOPLIST_KEY_NSPhotoLibraryAddUsageDescription = "Used to save scoreboard screenshots to your photo library.";
				"INFOPLIST_KEY_UIApplicationSceneManifest_Generation[sdk=iphoneos*]" = NO;
				"INFOPLIST_KEY_UIApplicationSceneManifest_Generation[sdk=iphonesimulator*]" = NO;
				"INFOPLIST_KEY_UIApplicationSupportsIndirectInputEvents[sdk=iphoneos*]" = YES;
				"INFOPLIST_KEY_UIApplicationSupportsIndirectInputEvents[sdk=iphonesimulator*]" = YES;
				"INFOPLIST_KEY_UIStatusBarStyle[sdk=iphoneos*]" = UIStatusBarStyleDefault;
				"INFOPLIST_KEY_UIStatusBarStyle[sdk=iphonesimulator*]" = UIStatusBarStyleDefault;
				INFOPLIST_KEY_UISupportedInterfaceOrientations_iPad = "UIInterfaceOrientationPortrait UIInterfaceOrientationPortraitUpsideDown UIInterfaceOrientationLandscapeLeft UIInterfaceOrientationLandscapeRight";
				INFOPLIST_KEY_UISupportedInterfaceOrientations_iPhone = "UIInterfaceOrientationPortrait UIInterfaceOrientationLandscapeLeft UIInterfaceOrientationLandscapeRight";
				IPHONEOS_DEPLOYMENT_TARGET = 26.0;
				LD_RUNPATH_SEARCH_PATHS = "@executable_path/Frameworks";
				"LD_RUNPATH_SEARCH_PATHS[sdk=macosx*]" = "@executable_path/../Frameworks";
				MACOSX_DEPLOYMENT_TARGET = 15.7;
				MARKETING_VERSION = 3.2.1;
				OTHER_LDFLAGS = (
					"$(inherited)",
					"-ObjC",
				);
				PRODUCT_BUNDLE_IDENTIFIER = com.douhua.jifen.ios;
				PRODUCT_NAME = "$(TARGET_NAME)";
				REGISTER_APP_GROUPS = YES;
				SDKROOT = auto;
				STRING_CATALOG_GENERATE_SYMBOLS = YES;
				SUPPORTED_PLATFORMS = "iphoneos iphonesimulator";
				SUPPORTS_MACCATALYST = NO;
				SUPPORTS_MAC_DESIGNED_FOR_IPHONE_IPAD = YES;
				SWIFT_APPROACHABLE_CONCURRENCY = YES;
				SWIFT_DEFAULT_ACTOR_ISOLATION = MainActor;
				SWIFT_EMIT_LOC_STRINGS = YES;
				SWIFT_UPCOMING_FEATURE_MEMBER_IMPORT_VISIBILITY = YES;
				SWIFT_VERSION = 5.0;
				TARGETED_DEVICE_FAMILY = "1,2,7";
				XROS_DEPLOYMENT_TARGET = 26.2;
			};
			name = Release;
		};
		19B86E314B47EBE50892C377 /* Debug */ = {
			isa = XCBuildConfiguration;
			buildSettings = {
				BUNDLE_LOADER = "$(TEST_HOST)";
				CLANG_ENABLE_OBJC_WEAK = NO;
				CODE_SIGNING_ALLOWED = NO;
				CODE_SIGN_STYLE = Automatic;
				DEVELOPMENT_TEAM = X9VDZZL3C3;
				GENERATE_INFOPLIST_FILE = YES;
				IPHONEOS_DEPLOYMENT_TARGET = 26.0;
				LD_RUNPATH_SEARCH_PATHS = (
					"$(inherited)",
					"@executable_path/Frameworks",
					"@loader_path/Frameworks",
				);
				PRODUCT_BUNDLE_IDENTIFIER = com.douhua.jifenTests;
				PRODUCT_NAME = "$(TARGET_NAME)";
				SDKROOT = iphoneos;
				SWIFT_VERSION = 5.0;
				TARGETED_DEVICE_FAMILY = "1,2";
				TEST_HOST = "$(BUILT_PRODUCTS_DIR)/jifen.app/jifen";
			};
			name = Debug;
		};
		AA7343AB94A683BC48372064 /* Debug */ = {
			isa = XCBuildConfiguration;
			buildSettings = {
				CLANG_ENABLE_OBJC_WEAK = NO;
				CODE_SIGNING_ALLOWED = NO;
				CODE_SIGN_STYLE = Automatic;
				DEVELOPMENT_TEAM = X9VDZZL3C3;
				GENERATE_INFOPLIST_FILE = YES;
				IPHONEOS_DEPLOYMENT_TARGET = 26.0;
				LD_RUNPATH_SEARCH_PATHS = (
					"$(inherited)",
					"@executable_path/Frameworks",
					"@loader_path/Frameworks",
				);
				PRODUCT_BUNDLE_IDENTIFIER = com.douhua.jifenUITests;
				PRODUCT_NAME = "$(TARGET_NAME)";
				SDKROOT = iphoneos;
				SWIFT_VERSION = 5.0;
				TARGETED_DEVICE_FAMILY = "1,2";
				TEST_TARGET_NAME = jifen;
			};
			name = Debug;
		};
		BDFE4BFF544E6A8EE00D05B2 /* Release */ = {
			isa = XCBuildConfiguration;
			buildSettings = {
				BUNDLE_LOADER = "$(TEST_HOST)";
				CLANG_ENABLE_OBJC_WEAK = NO;
				CODE_SIGNING_ALLOWED = NO;
				CODE_SIGN_STYLE = Automatic;
				DEVELOPMENT_TEAM = X9VDZZL3C3;
				GENERATE_INFOPLIST_FILE = YES;
				IPHONEOS_DEPLOYMENT_TARGET = 26.0;
				LD_RUNPATH_SEARCH_PATHS = (
					"$(inherited)",
					"@executable_path/Frameworks",
					"@loader_path/Frameworks",
				);
				PRODUCT_BUNDLE_IDENTIFIER = com.douhua.jifenTests;
				PRODUCT_NAME = "$(TARGET_NAME)";
				SDKROOT = iphoneos;
				SWIFT_VERSION = 5.0;
				TARGETED_DEVICE_FAMILY = "1,2";
				TEST_HOST = "$(BUILT_PRODUCTS_DIR)/jifen.app/jifen";
				VALIDATE_PRODUCT = YES;
			};
			name = Release;
		};
/* End XCBuildConfiguration section */

/* Begin XCConfigurationList section */
		0FA5BACC2F18F3EB00182375 /* Build configuration list for PBXProject "jifen" */ = {
			isa = XCConfigurationList;
			buildConfigurations = (
				0FA5BADA2F18F3EC00182375 /* Debug */,
				0FA5BADB2F18F3EC00182375 /* Release */,
			);
			defaultConfigurationIsVisible = 0;
			defaultConfigurationName = Release;
		};
		0FA5BADC2F18F3EC00182375 /* Build configuration list for PBXNativeTarget "jifen" */ = {
			isa = XCConfigurationList;
			buildConfigurations = (
				0FA5BADD2F18F3EC00182375 /* Debug */,
				0FA5BADE2F18F3EC00182375 /* Release */,
			);
			defaultConfigurationIsVisible = 0;
			defaultConfigurationName = Release;
		};
		4BF094371EAAEB82F3DED2C8 /* Build configuration list for PBXNativeTarget "jifenUITests" */ = {
			isa = XCConfigurationList;
			buildConfigurations = (
				060D44424D5D2C882224703D /* Release */,
				AA7343AB94A683BC48372064 /* Debug */,
			);
			defaultConfigurationIsVisible = 0;
			defaultConfigurationName = Release;
		};
		F739E0571A4E22205415C37B /* Build configuration list for PBXNativeTarget "jifenTests" */ = {
			isa = XCConfigurationList;
			buildConfigurations = (
				BDFE4BFF544E6A8EE00D05B2 /* Release */,
				19B86E314B47EBE50892C377 /* Debug */,
			);
			defaultConfigurationIsVisible = 0;
			defaultConfigurationName = Release;
		};
/* End XCConfigurationList section */

/* Begin XCLocalSwiftPackageReference section */
		D10000000000000000000001 /* XCLocalSwiftPackageReference "Packages/JifenCore" */ = {
			isa = XCLocalSwiftPackageReference;
			relativePath = Packages/JifenCore;
		};
/* End XCLocalSwiftPackageReference section */

/* Begin XCRemoteSwiftPackageReference section */
		D50000000000000000000001 /* XCRemoteSwiftPackageReference "firebase-ios-sdk" */ = {
			isa = XCRemoteSwiftPackageReference;
			repositoryURL = "https://github.com/firebase/firebase-ios-sdk.git";
			requirement = {
				kind = upToNextMajorVersion;
				minimumVersion = 12.19.2;
			};
		};
/* End XCRemoteSwiftPackageReference section */

/* Begin XCSwiftPackageProductDependency section */
		A10000000000000000000001 /* ScoreCore */ = {
			isa = XCSwiftPackageProductDependency;
			package = D10000000000000000000001 /* XCLocalSwiftPackageReference "Packages/JifenCore" */;
			productName = ScoreCore;
		};
		A10000000000000000000002 /* SessionCore */ = {
			isa = XCSwiftPackageProductDependency;
			package = D10000000000000000000001 /* XCLocalSwiftPackageReference "Packages/JifenCore" */;
			productName = SessionCore;
		};
		A10000000000000000000003 /* RecordCore */ = {
			isa = XCSwiftPackageProductDependency;
			package = D10000000000000000000001 /* XCLocalSwiftPackageReference "Packages/JifenCore" */;
			productName = RecordCore;
		};
		A10000000000000000000004 /* PersistenceCore */ = {
			isa = XCSwiftPackageProductDependency;
			package = D10000000000000000000001 /* XCLocalSwiftPackageReference "Packages/JifenCore" */;
			productName = PersistenceCore;
		};
		A10000000000000000000005 /* LinkCore */ = {
			isa = XCSwiftPackageProductDependency;
			package = D10000000000000000000001 /* XCLocalSwiftPackageReference "Packages/JifenCore" */;
			productName = LinkCore;
		};
		A10000000000000000000006 /* TimerCore */ = {
			isa = XCSwiftPackageProductDependency;
			package = D10000000000000000000001 /* XCLocalSwiftPackageReference "Packages/JifenCore" */;
			productName = TimerCore;
		};
		A10000000000000000000007 /* FirebaseCore */ = {
			isa = XCSwiftPackageProductDependency;
			package = D50000000000000000000001 /* XCRemoteSwiftPackageReference "firebase-ios-sdk" */;
			productName = FirebaseCore;
		};
		A10000000000000000000008 /* FirebaseAnalyticsCore */ = {
			isa = XCSwiftPackageProductDependency;
			package = D50000000000000000000001 /* XCRemoteSwiftPackageReference "firebase-ios-sdk" */;
			productName = FirebaseAnalyticsCore;
		};
/* End XCSwiftPackageProductDependency section */
	};
	rootObject = 0FA5BAC92F18F3EB00182375 /* Project object */;
}
